
Microsoft Visual Studio Solution File, Format Version 12.00
# Visual Studio Version 17
VisualStudioVersion = 17.9.34723.18
MinimumVisualStudioVersion = 10.0.40219.1
Project("{FAE04EC0-301F-11D3-BF4B-00C04F79EFBC}") = "APIPRUEBAS", "APIPRUEBAS\APIPRUEBAS.csproj", "{9F26367B-395D-45CC-B03F-FF39B8E6A34F}"
EndProject
Global
	GlobalSection(SolutionConfigurationPlatforms) = preSolution
		Debug|Any CPU = Debug|Any CPU
		Release|Any CPU = Release|Any CPU
	EndGlobalSection
	GlobalSection(ProjectConfigurationPlatforms) = postSolution
		{9F26367B-395D-45CC-B03F-FF39B8E6A34F}.Debug|Any CPU.ActiveCfg = Debug|Any CPU
		{9F26367B-395D-45CC-B03F-FF39B8E6A34F}.Debug|Any CPU.Build.0 = Debug|Any CPU
		{9F26367B-395D-45CC-B03F-FF39B8E6A34F}.Release|Any CPU.ActiveCfg = Release|Any CPU
		{9F26367B-395D-45CC-B03F-FF39B8E6A34F}.Release|Any CPU.Build.0 = Release|Any CPU
	EndGlobalSection
	GlobalSection(SolutionProperties) = preSolution
		HideSolutionNode = FALSE
	EndGlobalSection
	GlobalSection(ExtensibilityGlobals) = postSolution
		SolutionGuid = {D00CD19F-CA13-4522-AF8C-51061D153A02}
	EndGlobalSection
EndGlobal
